
Microsoft Visual Studio Solution File, Format Version 12.00
# Visual Studio Version 17
VisualStudioVersion = 17.11.35312.102
MinimumVisualStudioVersion = 10.0.40219.1
Project("{FAE04EC0-301F-11D3-BF4B-00C04F79EFBC}") = "DrawingProject", "DrawingProject.csproj", "{AB76864D-4C39-48A5-B06D-E48D6D3EA28D}"
EndProject
Global
	GlobalSection(SolutionConfigurationPlatforms) = preSolution
		Debug|Any CPU = Debug|Any CPU
		Release|Any CPU = Release|Any CPU
	EndGlobalSection
	GlobalSection(ProjectConfigurationPlatforms) = postSolution
		{AB76864D-4C39-48A5-B06D-E48D6D3EA28D}.Debug|Any CPU.ActiveCfg = Debug|Any CPU
		{AB76864D-4C39-48A5-B06D-E48D6D3EA28D}.Debug|Any CPU.Build.0 = Debug|Any CPU
		{AB76864D-4C39-48A5-B06D-E48D6D3EA28D}.Release|Any CPU.ActiveCfg = Release|Any CPU
		{AB76864D-4C39-48A5-B06D-E48D6D3EA28D}.Release|Any CPU.Build.0 = Release|Any CPU
	EndGlobalSection
	GlobalSection(SolutionProperties) = preSolution
		HideSolutionNode = FALSE
	EndGlobalSection
	GlobalSection(ExtensibilityGlobals) = postSolution
		SolutionGuid = {A498AF51-4E1F-4E77-AEB1-000A02F1DF31}
	EndGlobalSection
EndGlobal
